
Microsoft Visual Studio Solution File, Format Version 12.00
# Visual Studio Version 17
VisualStudioVersion = 17.6.33815.320
MinimumVisualStudioVersion = 10.0.40219.1
Project("{FAE04EC0-301F-11D3-BF4B-00C04F79EFBC}") = "Homework2.cl", "Homework2.cl.csproj", "{CFC5B35B-D34C-4F6B-9513-B16C696D3160}"
EndProject
Global
	GlobalSection(SolutionConfigurationPlatforms) = preSolution
		Debug|Any CPU = Debug|Any CPU
		Release|Any CPU = Release|Any CPU
	EndGlobalSection
	GlobalSection(ProjectConfigurationPlatforms) = postSolution
		{CFC5B35B-D34C-4F6B-9513-B16C696D3160}.Debug|Any CPU.ActiveCfg = Debug|Any CPU
		{CFC5B35B-D34C-4F6B-9513-B16C696D3160}.Debug|Any CPU.Build.0 = Debug|Any CPU
		{CFC5B35B-D34C-4F6B-9513-B16C696D3160}.Release|Any CPU.ActiveCfg = Release|Any CPU
		{CFC5B35B-D34C-4F6B-9513-B16C696D3160}.Release|Any CPU.Build.0 = Release|Any CPU
	EndGlobalSection
	GlobalSection(SolutionProperties) = preSolution
		HideSolutionNode = FALSE
	EndGlobalSection
	GlobalSection(ExtensibilityGlobals) = postSolution
		SolutionGuid = {381BE962-9C2B-4EA6-AB2A-A79D3A30BAE6}
	EndGlobalSection
EndGlobal
